
Microsoft Visual Studio Solution File, Format Version 12.00
# Visual Studio 15
VisualStudioVersion = 15.0.27428.2015
MinimumVisualStudioVersion = 10.0.40219.1
Project("{FAE04EC0-301F-11D3-BF4B-00C04F79EFBC}") = "Training_codingame", "Training_codingame\Training_codingame.csproj", "{7ECF13A2-38D7-4BF5-A0D9-08BFB4F1C770}"
EndProject
Project("{FAE04EC0-301F-11D3-BF4B-00C04F79EFBC}") = "Terminal", "Terminal\Terminal.csproj", "{390918C5-FF01-4014-A782-136B56529409}"
EndProject
Project("{FAE04EC0-301F-11D3-BF4B-00C04F79EFBC}") = "TrainingTest", "TrainingTest\TrainingTest.csproj", "{F71749B4-8C6C-404B-8E8F-656D876CBFB5}"
EndProject
Global
	GlobalSection(SolutionConfigurationPlatforms) = preSolution
		Debug|Any CPU = Debug|Any CPU
		Release|Any CPU = Release|Any CPU
	EndGlobalSection
	GlobalSection(ProjectConfigurationPlatforms) = postSolution
		{7ECF13A2-38D7-4BF5-A0D9-08BFB4F1C770}.Debug|Any CPU.ActiveCfg = Debug|Any CPU
		{7ECF13A2-38D7-4BF5-A0D9-08BFB4F1C770}.Debug|Any CPU.Build.0 = Debug|Any CPU
		{7ECF13A2-38D7-4BF5-A0D9-08BFB4F1C770}.Release|Any CPU.ActiveCfg = Release|Any CPU
		{7ECF13A2-38D7-4BF5-A0D9-08BFB4F1C770}.Release|Any CPU.Build.0 = Release|Any CPU
		{390918C5-FF01-4014-A782-136B56529409}.Debug|Any CPU.ActiveCfg = Debug|Any CPU
		{390918C5-FF01-4014-A782-136B56529409}.Debug|Any CPU.Build.0 = Debug|Any CPU
		{390918C5-FF01-4014-A782-136B56529409}.Release|Any CPU.ActiveCfg = Release|Any CPU
		{390918C5-FF01-4014-A782-136B56529409}.Release|Any CPU.Build.0 = Release|Any CPU
		{F71749B4-8C6C-404B-8E8F-656D876CBFB5}.Debug|Any CPU.ActiveCfg = Debug|Any CPU
		{F71749B4-8C6C-404B-8E8F-656D876CBFB5}.Debug|Any CPU.Build.0 = Debug|Any CPU
		{F71749B4-8C6C-404B-8E8F-656D876CBFB5}.Release|Any CPU.ActiveCfg = Release|Any CPU
		{F71749B4-8C6C-404B-8E8F-656D876CBFB5}.Release|Any CPU.Build.0 = Release|Any CPU
	EndGlobalSection
	GlobalSection(SolutionProperties) = preSolution
		HideSolutionNode = FALSE
	EndGlobalSection
	GlobalSection(ExtensibilityGlobals) = postSolution
		SolutionGuid = {D3C6AD28-33EE-498F-BFC6-2053E4CE55FB}
	EndGlobalSection
EndGlobal
